PODS:
  - StreamChat (4.23.0)
  - StreamChatUI (4.23.0):
    - StreamChat (= 4.23.0)

DEPENDENCIES:
  - StreamChat (~> 4.0)
  - StreamChatUI

SPEC REPOS:
  trunk:
    - StreamChat
    - StreamChatUI

SPEC CHECKSUMS:
  StreamChat: 1f35c70b9f20cf4f0306fa8ff4166d6cb34c9d14
  StreamChatUI: 6c17c39b43094ebb92c1352a0b6aa896951c984a

PODFILE CHECKSUM: d378f1e9dbf70b8959a5f542e5052f78dc23f92c

COCOAPODS: 1.11.3
